schema: '2.0'
stages:
  data_prep:
    cmd: python src/data_prep/prep.py
    deps:
    - path: src/data_prep/prep.py
      md5: 174cfa9dcce26b9d6e88fd5613fe3127
      size: 1751
    params:
      params.yaml:
        data.train_path: data/pog-sleep-data/train.csv
  train:
    cmd: python src/training/train.py
    deps:
    - path: src/training/train.py
      md5: eebcd4417f8ef64340fb22a79830a32c
      size: 3736
    params:
      params.yaml:
        data.test_path: data/pog-sleep-data/test.csv
        train.arima_model_path: models/arima_model.pkl
        train.metrics_path: reports/metrics.json
        train.sub_name: arima_baseline.csv
        train.train_adjusted_path: data/pog-sleep-data/train_dt_fixed.parquet
